{
  "nodes": {
    "addressable-content": {
      "inputs": {
        "flake-parts": "flake-parts",
        "haskell-flake": "haskell-flake",
        "nixpkgs": [
          "nixpkgs"
        ]
      },
      "locked": {
        "lastModified": 1771893651,
        "narHash": "sha256-1oiO9pnM1Xj6cnZ2H/eNBWrxXk+KudaBkp9zr1VlB90=",
        "owner": "woolwichweb",
        "repo": "addressable-content",
        "rev": "a6dd3c114c76c963435ab22b90cd337f90dbf960",
        "type": "gitlab"
      },
      "original": {
        "owner": "woolwichweb",
        "repo": "addressable-content",
        "type": "gitlab"
      }
    },
    "comin": {
      "inputs": {
        "flake-compat": "flake-compat",
        "nixpkgs": [
          "nixpkgs"
        ]
      },
      "locked": {
        "lastModified": 1771753120,
        "narHash": "sha256-o452JPcl/jMOnyp+OOKn9jippwZYMkazMh7V9qrGhl4=",
        "owner": "nlewo",
        "repo": "comin",
        "rev": "283a8026f6debb8e9e6b200a7cc302a5cf1a2747",
        "type": "github"
      },
      "original": {
        "owner": "nlewo",
        "repo": "comin",
        "type": "github"
      }
    },
    "devshell": {
      "inputs": {
        "nixpkgs": [
          "nixpkgs"
        ]
      },
      "locked": {
        "lastModified": 1768818222,
        "narHash": "sha256-460jc0+CZfyaO8+w8JNtlClB2n4ui1RbHfPTLkpwhU8=",
        "owner": "numtide",
        "repo": "devshell",
        "rev": "255a2b1725a20d060f566e4755dbf571bbbb5f76",
        "type": "github"
      },
      "original": {
        "owner": "numtide",
        "repo": "devshell",
        "type": "github"
      }
    },
    "flake-compat": {
      "flake": false,
      "locked": {
        "lastModified": 1765121682,
        "narHash": "sha256-4VBOP18BFeiPkyhy9o4ssBNQEvfvv1kXkasAYd0+rrA=",
        "owner": "NixOS",
        "repo": "flake-compat",
        "rev": "65f23138d8d09a92e30f1e5c87611b23ef451bf3",
        "type": "github"
      },
      "original": {
        "owner": "NixOS",
        "repo": "flake-compat",
        "type": "github"
      }
    },
    "flake-compat_2": {
      "flake": false,
      "locked": {
        "lastModified": 1767039857,
        "narHash": "sha256-vNpUSpF5Nuw8xvDLj2KCwwksIbjua2LZCqhV1LNRDns=",
        "owner": "NixOS",
        "repo": "flake-compat",
        "rev": "5edf11c44bc78a0d334f6334cdaf7d60d732daab",
        "type": "github"
      },
      "original": {
        "owner": "NixOS",
        "repo": "flake-compat",
        "type": "github"
      }
    },
    "flake-compat_3": {
      "flake": false,
      "locked": {
        "lastModified": 1767039857,
        "narHash": "sha256-vNpUSpF5Nuw8xvDLj2KCwwksIbjua2LZCqhV1LNRDns=",
        "owner": "edolstra",
        "repo": "flake-compat",
        "rev": "5edf11c44bc78a0d334f6334cdaf7d60d732daab",
        "type": "github"
      },
      "original": {
        "owner": "edolstra",
        "repo": "flake-compat",
        "type": "github"
      }
    },
    "flake-parts": {
      "inputs": {
        "nixpkgs-lib": "nixpkgs-lib"
      },
      "locked": {
        "lastModified": 1768135262,
        "narHash": "sha256-PVvu7OqHBGWN16zSi6tEmPwwHQ4rLPU9Plvs8/1TUBY=",
        "owner": "hercules-ci",
        "repo": "flake-parts",
        "rev": "80daad04eddbbf5a4d883996a73f3f542fa437ac",
        "type": "github"
      },
      "original": {
        "owner": "hercules-ci",
        "repo": "flake-parts",
        "type": "github"
      }
    },
    "flake-parts_2": {
      "inputs": {
        "nixpkgs-lib": "nixpkgs-lib_2"
      },
      "locked": {
        "lastModified": 1769996383,
        "narHash": "sha256-AnYjnFWgS49RlqX7LrC4uA+sCCDBj0Ry/WOJ5XWAsa0=",
        "owner": "hercules-ci",
        "repo": "flake-parts",
        "rev": "57928607ea566b5db3ad13af0e57e921e6b12381",
        "type": "github"
      },
      "original": {
        "owner": "hercules-ci",
        "repo": "flake-parts",
        "type": "github"
      }
    },
    "flake-utils": {
      "inputs": {
        "systems": "systems_2"
      },
      "locked": {
        "lastModified": 1731533236,
        "narHash": "sha256-l0KFg5HjrsfsO/JpG+r7fRrqm12kzFHyUHqHCVpMMbI=",
        "owner": "numtide",
        "repo": "flake-utils",
        "rev": "11707dc2f618dd54ca8739b309ec4fc024de578b",
        "type": "github"
      },
      "original": {
        "owner": "numtide",
        "repo": "flake-utils",
        "type": "github"
      }
    },
    "flake-utils_2": {
      "inputs": {
        "systems": "systems_3"
      },
      "locked": {
        "lastModified": 1731533236,
        "narHash": "sha256-l0KFg5HjrsfsO/JpG+r7fRrqm12kzFHyUHqHCVpMMbI=",
        "owner": "numtide",
        "repo": "flake-utils",
        "rev": "11707dc2f618dd54ca8739b309ec4fc024de578b",
        "type": "github"
      },
      "original": {
        "owner": "numtide",
        "repo": "flake-utils",
        "type": "github"
      }
    },
    "haskell-flake": {
      "locked": {
        "lastModified": 1768251795,
        "narHash": "sha256-xxQBxQfgGDvPkzOMvHx3yNLgTuOS0TDwuwqw/cNk1d8=",
        "owner": "srid",
        "repo": "haskell-flake",
        "rev": "28a0a79abeff13d80cdecc58f09f0955ca50fe88",
        "type": "github"
      },
      "original": {
        "owner": "srid",
        "repo": "haskell-flake",
        "type": "github"
      }
    },
    "import-tree": {
      "locked": {
        "lastModified": 1771045967,
        "narHash": "sha256-oYO4poyw0Sb/db2PigqugMlDwsvwLg6CSpFrMUWxA3Q=",
        "owner": "vic",
        "repo": "import-tree",
        "rev": "c968d3b54d12cf5d9c13f16f7c545a06c9d1fde6",
        "type": "github"
      },
      "original": {
        "owner": "vic",
        "repo": "import-tree",
        "type": "github"
      }
    },
    "ixx": {
      "inputs": {
        "flake-utils": [
          "search",
          "flake-utils"
        ],
        "nixpkgs": [
          "search",
          "nixpkgs"
        ]
      },
      "locked": {
        "lastModified": 1754860581,
        "narHash": "sha256-EM0IE63OHxXCOpDHXaTyHIOk2cNvMCGPqLt/IdtVxgk=",
        "owner": "NuschtOS",
        "repo": "ixx",
        "rev": "babfe85a876162c4acc9ab6fb4483df88fa1f281",
        "type": "github"
      },
      "original": {
        "owner": "NuschtOS",
        "ref": "v0.1.1",
        "repo": "ixx",
        "type": "github"
      }
    },
    "nixpkgs": {
      "locked": {
        "lastModified": 1771008912,
        "narHash": "sha256-gf2AmWVTs8lEq7z/3ZAsgnZDhWIckkb+ZnAo5RzSxJg=",
        "owner": "nixos",
        "repo": "nixpkgs",
        "rev": "a82ccc39b39b621151d6732718e3e250109076fa",
        "type": "github"
      },
      "original": {
        "owner": "nixos",
        "ref": "nixos-unstable",
        "repo": "nixpkgs",
        "type": "github"
      }
    },
    "nixpkgs-lib": {
      "locked": {
        "lastModified": 1765674936,
        "narHash": "sha256-k00uTP4JNfmejrCLJOwdObYC9jHRrr/5M/a/8L2EIdo=",
        "owner": "nix-community",
        "repo": "nixpkgs.lib",
        "rev": "2075416fcb47225d9b68ac469a5c4801a9c4dd85",
        "type": "github"
      },
      "original": {
        "owner": "nix-community",
        "repo": "nixpkgs.lib",
        "type": "github"
      }
    },
    "nixpkgs-lib_2": {
      "locked": {
        "lastModified": 1769909678,
        "narHash": "sha256-cBEymOf4/o3FD5AZnzC3J9hLbiZ+QDT/KDuyHXVJOpM=",
        "owner": "nix-community",
        "repo": "nixpkgs.lib",
        "rev": "72716169fe93074c333e8d0173151350670b824c",
        "type": "github"
      },
      "original": {
        "owner": "nix-community",
        "repo": "nixpkgs.lib",
        "type": "github"
      }
    },
    "nixpkgs_2": {
      "locked": {
        "lastModified": 1770843696,
        "narHash": "sha256-LovWTGDwXhkfCOmbgLVA10bvsi/P8eDDpRudgk68HA8=",
        "owner": "NixOS",
        "repo": "nixpkgs",
        "rev": "2343bbb58f99267223bc2aac4fc9ea301a155a16",
        "type": "github"
      },
      "original": {
        "owner": "NixOS",
        "ref": "nixpkgs-unstable",
        "repo": "nixpkgs",
        "type": "github"
      }
    },
    "phps": {
      "inputs": {
        "flake-compat": "flake-compat_2",
        "nixpkgs": "nixpkgs_2",
        "utils": "utils"
      },
      "locked": {
        "lastModified": 1771130742,
        "narHash": "sha256-BMGidUCerB3ZsNDVsQjC3/QnWwQ7+Wc0XFOIyvTB1g8=",
        "owner": "fossar",
        "repo": "nix-phps",
        "rev": "c0b483e4b9940fd4120811ffb77ffb3d7561f762",
        "type": "github"
      },
      "original": {
        "owner": "fossar",
        "repo": "nix-phps",
        "type": "github"
      }
    },
    "pog": {
      "inputs": {
        "flake-compat": "flake-compat_3",
        "flake-utils": "flake-utils",
        "nixpkgs": [
          "nixpkgs"
        ]
      },
      "locked": {
        "lastModified": 1770392049,
        "narHash": "sha256-0PWTWXzYJ/o52AWySSyY05dIA3oGpNFTsTIhkg6aYYw=",
        "owner": "jpetrucciani",
        "repo": "pog",
        "rev": "8f30a41c3938379f4b054ce264ba6a697978f6e3",
        "type": "github"
      },
      "original": {
        "owner": "jpetrucciani",
        "repo": "pog",
        "type": "github"
      }
    },
    "root": {
      "inputs": {
        "addressable-content": "addressable-content",
        "comin": "comin",
        "devshell": "devshell",
        "flake-parts": "flake-parts_2",
        "import-tree": "import-tree",
        "nixpkgs": "nixpkgs",
        "phps": "phps",
        "pog": "pog",
        "search": "search",
        "sops-nix": "sops-nix"
      }
    },
    "search": {
      "inputs": {
        "flake-utils": "flake-utils_2",
        "ixx": "ixx",
        "nixpkgs": [
          "nixpkgs"
        ]
      },
      "locked": {
        "lastModified": 1768249818,
        "narHash": "sha256-ANfn5OqIxq3HONPIXZ6zuI5sLzX1sS+2qcf/Pa0kQEc=",
        "owner": "NuschtOS",
        "repo": "search",
        "rev": "b6f77b88e9009bfde28e2130e218e5123dc66796",
        "type": "github"
      },
      "original": {
        "owner": "NuschtOS",
        "repo": "search",
        "type": "github"
      }
    },
    "sops-nix": {
      "inputs": {
        "nixpkgs": [
          "nixpkgs"
        ]
      },
      "locked": {
        "lastModified": 1771166946,
        "narHash": "sha256-UFc4lfGBr+wJmwgDGJDn1cVD6DTr0/8TdronNUiyXlU=",
        "owner": "Mic92",
        "repo": "sops-nix",
        "rev": "2d0cf89b4404529778bc82de7e42b5754e0fe4fa",
        "type": "github"
      },
      "original": {
        "owner": "Mic92",
        "repo": "sops-nix",
        "type": "github"
      }
    },
    "systems": {
      "locked": {
        "lastModified": 1681028828,
        "narHash": "sha256-Vy1rq5AaRuLzOxct8nz4T6wlgyUR7zLU309k9mBC768=",
        "owner": "nix-systems",
        "repo": "default",
        "rev": "da67096a3b9bf56a91d16901293e51ba5b49a27e",
        "type": "github"
      },
      "original": {
        "owner": "nix-systems",
        "repo": "default",
        "type": "github"
      }
    },
    "systems_2": {
      "locked": {
        "lastModified": 1681028828,
        "narHash": "sha256-Vy1rq5AaRuLzOxct8nz4T6wlgyUR7zLU309k9mBC768=",
        "owner": "nix-systems",
        "repo": "default",
        "rev": "da67096a3b9bf56a91d16901293e51ba5b49a27e",
        "type": "github"
      },
      "original": {
        "owner": "nix-systems",
        "repo": "default",
        "type": "github"
      }
    },
    "systems_3": {
      "locked": {
        "lastModified": 1681028828,
        "narHash": "sha256-Vy1rq5AaRuLzOxct8nz4T6wlgyUR7zLU309k9mBC768=",
        "owner": "nix-systems",
        "repo": "default",
        "rev": "da67096a3b9bf56a91d16901293e51ba5b49a27e",
        "type": "github"
      },
      "original": {
        "owner": "nix-systems",
        "repo": "default",
        "type": "github"
      }
    },
    "utils": {
      "inputs": {
        "systems": "systems"
      },
      "locked": {
        "lastModified": 1731533236,
        "narHash": "sha256-l0KFg5HjrsfsO/JpG+r7fRrqm12kzFHyUHqHCVpMMbI=",
        "owner": "numtide",
        "repo": "flake-utils",
        "rev": "11707dc2f618dd54ca8739b309ec4fc024de578b",
        "type": "github"
      },
      "original": {
        "owner": "numtide",
        "repo": "flake-utils",
        "type": "github"
      }
    }
  },
  "root": "root",
  "version": 7
}
